// !$*UTF8*$!
{
	archiveVersion = 1;
	classes = {
	};
	objectVersion = 56;
	objects = {

/* Begin PBXBuildFile section */
		377B3EA42B1E641700C81F6A /* MainTabBarController.swift in Sources */ = {isa = PBXBuildFile; fileRef = 377B3EA32B1E641700C81F6A /* MainTabBarController.swift */; };
		377B3EA72B1E721F00C81F6A /* NavigationViewController.swift in Sources */ = {isa = PBXBuildFile; fileRef = 377B3EA62B1E721F00C81F6A /* NavigationViewController.swift */; };
		377B3EAA2B1FB6F100C81F6A /* Lottie in Frameworks */ = {isa = PBXBuildFile; productRef = 377B3EA92B1FB6F100C81F6A /* Lottie */; };
		377B3EAE2B1FB87000C81F6A /* Animation - 2.json in Resources */ = {isa = PBXBuildFile; fileRef = 377B3EAB2B1FB87000C81F6A /* Animation - 2.json */; };
		377B3EAF2B1FB87000C81F6A /* Animation - 3.json in Resources */ = {isa = PBXBuildFile; fileRef = 377B3EAC2B1FB87000C81F6A /* Animation - 3.json */; };
		377B3EB02B1FB87000C81F6A /* Animation - 1.json in Resources */ = {isa = PBXBuildFile; fileRef = 377B3EAD2B1FB87000C81F6A /* Animation - 1.json */; };
		377B3EB32B1FD94100C81F6A /* UIView + ext.swift in Sources */ = {isa = PBXBuildFile; fileRef = 377B3EB22B1FD94100C81F6A /* UIView + ext.swift */; };
		790E5E642B21E5D000B8AA0D /* CustomSegmentedControl.swift in Sources */ = {isa = PBXBuildFile; fileRef = 790E5E632B21E5D000B8AA0D /* CustomSegmentedControl.swift */; };
		790E5E662B21E60400B8AA0D /* CustomSegmentedControlDelegate.swift in Sources */ = {isa = PBXBuildFile; fileRef = 790E5E652B21E60400B8AA0D /* CustomSegmentedControlDelegate.swift */; };
		79C6979A2B210B190055129C /* RecentBooksViewCell.swift in Sources */ = {isa = PBXBuildFile; fileRef = 79C697942B210B190055129C /* RecentBooksViewCell.swift */; };
		79C6979B2B210B190055129C /* ListItem.swift in Sources */ = {isa = PBXBuildFile; fileRef = 79C697952B210B190055129C /* ListItem.swift */; };
		79C6979C2B210B190055129C /* ListSection.swift in Sources */ = {isa = PBXBuildFile; fileRef = 79C697962B210B190055129C /* ListSection.swift */; };
		79C6979D2B210B190055129C /* TopBooksViewCell.swift in Sources */ = {isa = PBXBuildFile; fileRef = 79C697972B210B190055129C /* TopBooksViewCell.swift */; };
		79C6979E2B210B190055129C /* HeaderSupplementaryView.swift in Sources */ = {isa = PBXBuildFile; fileRef = 79C697982B210B190055129C /* HeaderSupplementaryView.swift */; };
		79C6979F2B210B190055129C /* MockData.swift in Sources */ = {isa = PBXBuildFile; fileRef = 79C697992B210B190055129C /* MockData.swift */; };
		F48F38F12B1CDD02009DAFA8 /* AppDelegate.swift in Sources */ = {isa = PBXBuildFile; fileRef = F48F38F02B1CDD02009DAFA8 /* AppDelegate.swift */; };
		F48F38F32B1CDD02009DAFA8 /* SceneDelegate.swift in Sources */ = {isa = PBXBuildFile; fileRef = F48F38F22B1CDD02009DAFA8 /* SceneDelegate.swift */; };
		F48F38F52B1CDD02009DAFA8 /* HomeVC.swift in Sources */ = {isa = PBXBuildFile; fileRef = F48F38F42B1CDD02009DAFA8 /* HomeVC.swift */; };
		F48F38FA2B1CDD04009DAFA8 /* Assets.xcassets in Resources */ = {isa = PBXBuildFile; fileRef = F48F38F92B1CDD04009DAFA8 /* Assets.xcassets */; };
		F48F39052B1CE3D7009DAFA8 /* CategoriesVC.swift in Sources */ = {isa = PBXBuildFile; fileRef = F48F39042B1CE3D7009DAFA8 /* CategoriesVC.swift */; };
		F48F39072B1CE48B009DAFA8 /* LikesVC.swift in Sources */ = {isa = PBXBuildFile; fileRef = F48F39062B1CE48B009DAFA8 /* LikesVC.swift */; };
		F48F39092B1CE4C0009DAFA8 /* AccountVC.swift in Sources */ = {isa = PBXBuildFile; fileRef = F48F39082B1CE4C0009DAFA8 /* AccountVC.swift */; };
		F48F39162B1CF49A009DAFA8 /* UILabel Extension.swift in Sources */ = {isa = PBXBuildFile; fileRef = F48F39152B1CF49A009DAFA8 /* UILabel Extension.swift */; };
		F48F39182B1CF4AE009DAFA8 /* UIButton Extension.swift in Sources */ = {isa = PBXBuildFile; fileRef = F48F39172B1CF4AE009DAFA8 /* UIButton Extension.swift */; };
		F48F391B2B1CF61B009DAFA8 /* SnapKit in Frameworks */ = {isa = PBXBuildFile; productRef = F48F391A2B1CF61B009DAFA8 /* SnapKit */; };
		F48F391D2B1CF782009DAFA8 /* UIFont Extension.swift in Sources */ = {isa = PBXBuildFile; fileRef = F48F391C2B1CF782009DAFA8 /* UIFont Extension.swift */; };
		F48F391F2B1D1F63009DAFA8 /* UIColor Extension.swift in Sources */ = {isa = PBXBuildFile; fileRef = F48F391E2B1D1F63009DAFA8 /* UIColor Extension.swift */; };
		F48F392C2B1D24B7009DAFA8 /* OpenSans-Italic.ttf in Resources */ = {isa = PBXBuildFile; fileRef = F48F39292B1D24B7009DAFA8 /* OpenSans-Italic.ttf */; };
		F48F392D2B1D24B7009DAFA8 /* OpenSans-Bold.ttf in Resources */ = {isa = PBXBuildFile; fileRef = F48F392A2B1D24B7009DAFA8 /* OpenSans-Bold.ttf */; };
		F48F392E2B1D24B7009DAFA8 /* OpenSans-Regular.ttf in Resources */ = {isa = PBXBuildFile; fileRef = F48F392B2B1D24B7009DAFA8 /* OpenSans-Regular.ttf */; };
		F48F39302B1D24D2009DAFA8 /* OpenSans-SemiBoldItalic.ttf in Resources */ = {isa = PBXBuildFile; fileRef = F48F392F2B1D24D2009DAFA8 /* OpenSans-SemiBoldItalic.ttf */; };
		F48F39322B1D3C4D009DAFA8 /* UIViewController Extension.swift in Sources */ = {isa = PBXBuildFile; fileRef = F48F39312B1D3C4D009DAFA8 /* UIViewController Extension.swift */; };
		F48F393A2B1D41A9009DAFA8 /* AccountView.swift in Sources */ = {isa = PBXBuildFile; fileRef = F48F39392B1D41A9009DAFA8 /* AccountView.swift */; };
		F48F393C2B1D41E6009DAFA8 /* LikesView.swift in Sources */ = {isa = PBXBuildFile; fileRef = F48F393B2B1D41E6009DAFA8 /* LikesView.swift */; };
		F48F393E2B1D4208009DAFA8 /* LikesModel.swift in Sources */ = {isa = PBXBuildFile; fileRef = F48F393D2B1D4208009DAFA8 /* LikesModel.swift */; };
		F48F39432B1D4269009DAFA8 /* CategoriesModel.swift in Sources */ = {isa = PBXBuildFile; fileRef = F48F39422B1D4269009DAFA8 /* CategoriesModel.swift */; };
		F48F39452B1D4287009DAFA8 /* CategoriesView.swift in Sources */ = {isa = PBXBuildFile; fileRef = F48F39442B1D4287009DAFA8 /* CategoriesView.swift */; };
		F48F394A2B1D42D5009DAFA8 /* HomeView.swift in Sources */ = {isa = PBXBuildFile; fileRef = F48F39492B1D42D5009DAFA8 /* HomeView.swift */; };
		F48F394C2B1D42EE009DAFA8 /* HomeModel.swift in Sources */ = {isa = PBXBuildFile; fileRef = F48F394B2B1D42EE009DAFA8 /* HomeModel.swift */; };
		F48F39502B1D4484009DAFA8 /* PagesViewController.swift in Sources */ = {isa = PBXBuildFile; fileRef = F48F394F2B1D4484009DAFA8 /* PagesViewController.swift */; };
		F48F39522B1D44A3009DAFA8 /* OnboardingViewController.swift in Sources */ = {isa = PBXBuildFile; fileRef = F48F39512B1D44A3009DAFA8 /* OnboardingViewController.swift */; };
/* End PBXBuildFile section */

/* Begin PBXFileReference section */
		377B3EA32B1E641700C81F6A /* MainTabBarController.swift */ = {isa = PBXFileReference; lastKnownFileType = sourcecode.swift; path = MainTabBarController.swift; sourceTree = "<group>"; };
		377B3EA62B1E721F00C81F6A /* NavigationViewController.swift */ = {isa = PBXFileReference; lastKnownFileType = sourcecode.swift; path = NavigationViewController.swift; sourceTree = "<group>"; };
		377B3EAB2B1FB87000C81F6A /* Animation - 2.json */ = {isa = PBXFileReference; fileEncoding = 4; lastKnownFileType = text.json; path = "Animation - 2.json"; sourceTree = "<group>"; };
		377B3EAC2B1FB87000C81F6A /* Animation - 3.json */ = {isa = PBXFileReference; fileEncoding = 4; lastKnownFileType = text.json; path = "Animation - 3.json"; sourceTree = "<group>"; };
		377B3EAD2B1FB87000C81F6A /* Animation - 1.json */ = {isa = PBXFileReference; fileEncoding = 4; lastKnownFileType = text.json; path = "Animation - 1.json"; sourceTree = "<group>"; };
		377B3EB22B1FD94100C81F6A /* UIView + ext.swift */ = {isa = PBXFileReference; lastKnownFileType = sourcecode.swift; path = "UIView + ext.swift"; sourceTree = "<group>"; };
		790E5E632B21E5D000B8AA0D /* CustomSegmentedControl.swift */ = {isa = PBXFileReference; lastKnownFileType = sourcecode.swift; path = CustomSegmentedControl.swift; sourceTree = "<group>"; };
		790E5E652B21E60400B8AA0D /* CustomSegmentedControlDelegate.swift */ = {isa = PBXFileReference; lastKnownFileType = sourcecode.swift; path = CustomSegmentedControlDelegate.swift; sourceTree = "<group>"; };
		79C697942B210B190055129C /* RecentBooksViewCell.swift */ = {isa = PBXFileReference; fileEncoding = 4; lastKnownFileType = sourcecode.swift; path = RecentBooksViewCell.swift; sourceTree = "<group>"; };
		79C697952B210B190055129C /* ListItem.swift */ = {isa = PBXFileReference; fileEncoding = 4; lastKnownFileType = sourcecode.swift; path = ListItem.swift; sourceTree = "<group>"; };
		79C697962B210B190055129C /* ListSection.swift */ = {isa = PBXFileReference; fileEncoding = 4; lastKnownFileType = sourcecode.swift; path = ListSection.swift; sourceTree = "<group>"; };
		79C697972B210B190055129C /* TopBooksViewCell.swift */ = {isa = PBXFileReference; fileEncoding = 4; lastKnownFileType = sourcecode.swift; path = TopBooksViewCell.swift; sourceTree = "<group>"; };
		79C697982B210B190055129C /* HeaderSupplementaryView.swift */ = {isa = PBXFileReference; fileEncoding = 4; lastKnownFileType = sourcecode.swift; path = HeaderSupplementaryView.swift; sourceTree = "<group>"; };
		79C697992B210B190055129C /* MockData.swift */ = {isa = PBXFileReference; fileEncoding = 4; lastKnownFileType = sourcecode.swift; path = MockData.swift; sourceTree = "<group>"; };
		F48F38ED2B1CDD02009DAFA8 /* BookStore.app */ = {isa = PBXFileReference; explicitFileType = wrapper.application; includeInIndex = 0; path = BookStore.app; sourceTree = BUILT_PRODUCTS_DIR; };
		F48F38F02B1CDD02009DAFA8 /* AppDelegate.swift */ = {isa = PBXFileReference; lastKnownFileType = sourcecode.swift; path = AppDelegate.swift; sourceTree = "<group>"; };
		F48F38F22B1CDD02009DAFA8 /* SceneDelegate.swift */ = {isa = PBXFileReference; lastKnownFileType = sourcecode.swift; path = SceneDelegate.swift; sourceTree = "<group>"; };
		F48F38F42B1CDD02009DAFA8 /* HomeVC.swift */ = {isa = PBXFileReference; lastKnownFileType = sourcecode.swift; path = HomeVC.swift; sourceTree = "<group>"; };
		F48F38F92B1CDD04009DAFA8 /* Assets.xcassets */ = {isa = PBXFileReference; lastKnownFileType = folder.assetcatalog; path = Assets.xcassets; sourceTree = "<group>"; };
		F48F38FE2B1CDD04009DAFA8 /* Info.plist */ = {isa = PBXFileReference; lastKnownFileType = text.plist.xml; path = Info.plist; sourceTree = "<group>"; };
		F48F39042B1CE3D7009DAFA8 /* CategoriesVC.swift */ = {isa = PBXFileReference; lastKnownFileType = sourcecode.swift; path = CategoriesVC.swift; sourceTree = "<group>"; };
		F48F39062B1CE48B009DAFA8 /* LikesVC.swift */ = {isa = PBXFileReference; lastKnownFileType = sourcecode.swift; path = LikesVC.swift; sourceTree = "<group>"; };
		F48F39082B1CE4C0009DAFA8 /* AccountVC.swift */ = {isa = PBXFileReference; lastKnownFileType = sourcecode.swift; path = AccountVC.swift; sourceTree = "<group>"; };
		F48F39152B1CF49A009DAFA8 /* UILabel Extension.swift */ = {isa = PBXFileReference; lastKnownFileType = sourcecode.swift; path = "UILabel Extension.swift"; sourceTree = "<group>"; };
		F48F39172B1CF4AE009DAFA8 /* UIButton Extension.swift */ = {isa = PBXFileReference; lastKnownFileType = sourcecode.swift; path = "UIButton Extension.swift"; sourceTree = "<group>"; };
		F48F391C2B1CF782009DAFA8 /* UIFont Extension.swift */ = {isa = PBXFileReference; lastKnownFileType = sourcecode.swift; path = "UIFont Extension.swift"; sourceTree = "<group>"; };
		F48F391E2B1D1F63009DAFA8 /* UIColor Extension.swift */ = {isa = PBXFileReference; lastKnownFileType = sourcecode.swift; path = "UIColor Extension.swift"; sourceTree = "<group>"; };
		F48F39292B1D24B7009DAFA8 /* OpenSans-Italic.ttf */ = {isa = PBXFileReference; lastKnownFileType = file; path = "OpenSans-Italic.ttf"; sourceTree = "<group>"; };
		F48F392A2B1D24B7009DAFA8 /* OpenSans-Bold.ttf */ = {isa = PBXFileReference; lastKnownFileType = file; path = "OpenSans-Bold.ttf"; sourceTree = "<group>"; };
		F48F392B2B1D24B7009DAFA8 /* OpenSans-Regular.ttf */ = {isa = PBXFileReference; lastKnownFileType = file; path = "OpenSans-Regular.ttf"; sourceTree = "<group>"; };
		F48F392F2B1D24D2009DAFA8 /* OpenSans-SemiBoldItalic.ttf */ = {isa = PBXFileReference; lastKnownFileType = file; path = "OpenSans-SemiBoldItalic.ttf"; sourceTree = "<group>"; };
		F48F39312B1D3C4D009DAFA8 /* UIViewController Extension.swift */ = {isa = PBXFileReference; lastKnownFileType = sourcecode.swift; path = "UIViewController Extension.swift"; sourceTree = "<group>"; };
		F48F39392B1D41A9009DAFA8 /* AccountView.swift */ = {isa = PBXFileReference; lastKnownFileType = sourcecode.swift; path = AccountView.swift; sourceTree = "<group>"; };
		F48F393B2B1D41E6009DAFA8 /* LikesView.swift */ = {isa = PBXFileReference; lastKnownFileType = sourcecode.swift; path = LikesView.swift; sourceTree = "<group>"; };
		F48F393D2B1D4208009DAFA8 /* LikesModel.swift */ = {isa = PBXFileReference; lastKnownFileType = sourcecode.swift; path = LikesModel.swift; sourceTree = "<group>"; };
		F48F39422B1D4269009DAFA8 /* CategoriesModel.swift */ = {isa = PBXFileReference; lastKnownFileType = sourcecode.swift; path = CategoriesModel.swift; sourceTree = "<group>"; };
		F48F39442B1D4287009DAFA8 /* CategoriesView.swift */ = {isa = PBXFileReference; lastKnownFileType = sourcecode.swift; path = CategoriesView.swift; sourceTree = "<group>"; };
		F48F39492B1D42D5009DAFA8 /* HomeView.swift */ = {isa = PBXFileReference; lastKnownFileType = sourcecode.swift; path = HomeView.swift; sourceTree = "<group>"; };
		F48F394B2B1D42EE009DAFA8 /* HomeModel.swift */ = {isa = PBXFileReference; lastKnownFileType = sourcecode.swift; path = HomeModel.swift; sourceTree = "<group>"; };
		F48F394F2B1D4484009DAFA8 /* PagesViewController.swift */ = {isa = PBXFileReference; lastKnownFileType = sourcecode.swift; path = PagesViewController.swift; sourceTree = "<group>"; };
		F48F39512B1D44A3009DAFA8 /* OnboardingViewController.swift */ = {isa = PBXFileReference; lastKnownFileType = sourcecode.swift; path = OnboardingViewController.swift; sourceTree = "<group>"; };
/* End PBXFileReference section */

/* Begin PBXFrameworksBuildPhase section */
		F48F38EA2B1CDD02009DAFA8 /* Frameworks */ = {
			isa = PBXFrameworksBuildPhase;
			buildActionMask = 2147483647;
			files = (
				F48F391B2B1CF61B009DAFA8 /* SnapKit in Frameworks */,
				377B3EAA2B1FB6F100C81F6A /* Lottie in Frameworks */,
			);
			runOnlyForDeploymentPostprocessing = 0;
		};
/* End PBXFrameworksBuildPhase section */

/* Begin PBXGroup section */
		377B3EA52B1E641D00C81F6A /* MainTabBar */ = {
			isa = PBXGroup;
			children = (
				377B3EA32B1E641700C81F6A /* MainTabBarController.swift */,
				377B3EA62B1E721F00C81F6A /* NavigationViewController.swift */,
			);
			path = MainTabBar;
			sourceTree = "<group>";
		};
		377B3EB12B1FB87700C81F6A /* Lottie */ = {
			isa = PBXGroup;
			children = (
				377B3EAD2B1FB87000C81F6A /* Animation - 1.json */,
				377B3EAB2B1FB87000C81F6A /* Animation - 2.json */,
				377B3EAC2B1FB87000C81F6A /* Animation - 3.json */,
			);
			path = Lottie;
			sourceTree = "<group>";
		};
		79C697A02B211AB80055129C /* Services */ = {
			isa = PBXGroup;
			children = (
				79C697992B210B190055129C /* MockData.swift */,
			);
			path = Services;
			sourceTree = "<group>";
		};
		79C697A12B211B1A0055129C /* Cells */ = {
			isa = PBXGroup;
			children = (
				79C697942B210B190055129C /* RecentBooksViewCell.swift */,
				79C697972B210B190055129C /* TopBooksViewCell.swift */,
			);
			path = Cells;
			sourceTree = "<group>";
		};
		F48F38E42B1CDD01009DAFA8 = {
			isa = PBXGroup;
			children = (
				F48F38EF2B1CDD02009DAFA8 /* BookStore */,
				F48F38EE2B1CDD02009DAFA8 /* Products */,
			);
			sourceTree = "<group>";
		};
		F48F38EE2B1CDD02009DAFA8 /* Products */ = {
			isa = PBXGroup;
			children = (
				F48F38ED2B1CDD02009DAFA8 /* BookStore.app */,
			);
			name = Products;
			sourceTree = "<group>";
		};
		F48F38EF2B1CDD02009DAFA8 /* BookStore */ = {
			isa = PBXGroup;
			children = (
				F48F390B2B1CE71D009DAFA8 /* Application */,
				F48F390A2B1CE710009DAFA8 /* Moduls */,
				F48F39132B1CE7CD009DAFA8 /* Extensions */,
				F48F39142B1CE7DF009DAFA8 /* Resources */,
				F48F38FE2B1CDD04009DAFA8 /* Info.plist */,
				F48F38F92B1CDD04009DAFA8 /* Assets.xcassets */,
			);
			path = BookStore;
			sourceTree = "<group>";
		};
		F48F390A2B1CE710009DAFA8 /* Moduls */ = {
			isa = PBXGroup;
			children = (
				79C697A02B211AB80055129C /* Services */,
				F48F394D2B1D4429009DAFA8 /* Login */,
				F48F390F2B1CE752009DAFA8 /* Account */,
				F48F390E2B1CE74C009DAFA8 /* Likes */,
				F48F390D2B1CE744009DAFA8 /* Categories */,
				F48F390C2B1CE73D009DAFA8 /* Home */,
				377B3EA52B1E641D00C81F6A /* MainTabBar */,
			);
			path = Moduls;
			sourceTree = "<group>";
		};
		F48F390B2B1CE71D009DAFA8 /* Application */ = {
			isa = PBXGroup;
			children = (
				F48F38F02B1CDD02009DAFA8 /* AppDelegate.swift */,
				F48F38F22B1CDD02009DAFA8 /* SceneDelegate.swift */,
			);
			path = Application;
			sourceTree = "<group>";
		};
		F48F390C2B1CE73D009DAFA8 /* Home */ = {
			isa = PBXGroup;
			children = (
				F48F39482B1D42C0009DAFA8 /* Model */,
				F48F39472B1D42BB009DAFA8 /* View */,
				F48F39462B1D42A4009DAFA8 /* Controller */,
			);
			path = Home;
			sourceTree = "<group>";
		};
		F48F390D2B1CE744009DAFA8 /* Categories */ = {
			isa = PBXGroup;
			children = (
				F48F39412B1D425B009DAFA8 /* Model */,
				F48F39402B1D4254009DAFA8 /* View */,
				F48F393F2B1D424E009DAFA8 /* Controller */,
			);
			path = Categories;
			sourceTree = "<group>";
		};
		F48F390E2B1CE74C009DAFA8 /* Likes */ = {
			isa = PBXGroup;
			children = (
				F48F39382B1D4197009DAFA8 /* Model */,
				F48F39372B1D418C009DAFA8 /* View */,
				F48F39362B1D4182009DAFA8 /* Controller */,
			);
			path = Likes;
			sourceTree = "<group>";
		};
		F48F390F2B1CE752009DAFA8 /* Account */ = {
			isa = PBXGroup;
			children = (
				F48F39342B1D4154009DAFA8 /* View */,
				F48F39332B1D4149009DAFA8 /* Controller */,
			);
			path = Account;
			sourceTree = "<group>";
		};
		F48F39132B1CE7CD009DAFA8 /* Extensions */ = {
			isa = PBXGroup;
			children = (
				F48F39152B1CF49A009DAFA8 /* UILabel Extension.swift */,
				F48F39172B1CF4AE009DAFA8 /* UIButton Extension.swift */,
				F48F391C2B1CF782009DAFA8 /* UIFont Extension.swift */,
				F48F391E2B1D1F63009DAFA8 /* UIColor Extension.swift */,
				F48F39312B1D3C4D009DAFA8 /* UIViewController Extension.swift */,
				377B3EB22B1FD94100C81F6A /* UIView + ext.swift */,
			);
			path = Extensions;
			sourceTree = "<group>";
		};
		F48F39142B1CE7DF009DAFA8 /* Resources */ = {
			isa = PBXGroup;
			children = (
				377B3EB12B1FB87700C81F6A /* Lottie */,
				F48F39202B1D2463009DAFA8 /* Fonts */,
			);
			path = Resources;
			sourceTree = "<group>";
		};
		F48F39202B1D2463009DAFA8 /* Fonts */ = {
			isa = PBXGroup;
			children = (
				F48F392A2B1D24B7009DAFA8 /* OpenSans-Bold.ttf */,
				F48F39292B1D24B7009DAFA8 /* OpenSans-Italic.ttf */,
				F48F392B2B1D24B7009DAFA8 /* OpenSans-Regular.ttf */,
				F48F392F2B1D24D2009DAFA8 /* OpenSans-SemiBoldItalic.ttf */,
			);
			path = Fonts;
			sourceTree = "<group>";
		};
		F48F39332B1D4149009DAFA8 /* Controller */ = {
			isa = PBXGroup;
			children = (
				F48F39082B1CE4C0009DAFA8 /* AccountVC.swift */,
			);
			path = Controller;
			sourceTree = "<group>";
		};
		F48F39342B1D4154009DAFA8 /* View */ = {
			isa = PBXGroup;
			children = (
				F48F39392B1D41A9009DAFA8 /* AccountView.swift */,
			);
			path = View;
			sourceTree = "<group>";
		};
		F48F39362B1D4182009DAFA8 /* Controller */ = {
			isa = PBXGroup;
			children = (
				F48F39062B1CE48B009DAFA8 /* LikesVC.swift */,
			);
			path = Controller;
			sourceTree = "<group>";
		};
		F48F39372B1D418C009DAFA8 /* View */ = {
			isa = PBXGroup;
			children = (
				F48F393B2B1D41E6009DAFA8 /* LikesView.swift */,
			);
			path = View;
			sourceTree = "<group>";
		};
		F48F39382B1D4197009DAFA8 /* Model */ = {
			isa = PBXGroup;
			children = (
				F48F393D2B1D4208009DAFA8 /* LikesModel.swift */,
			);
			path = Model;
			sourceTree = "<group>";
		};
		F48F393F2B1D424E009DAFA8 /* Controller */ = {
			isa = PBXGroup;
			children = (
				F48F39042B1CE3D7009DAFA8 /* CategoriesVC.swift */,
			);
			path = Controller;
			sourceTree = "<group>";
		};
		F48F39402B1D4254009DAFA8 /* View */ = {
			isa = PBXGroup;
			children = (
				F48F39442B1D4287009DAFA8 /* CategoriesView.swift */,
			);
			path = View;
			sourceTree = "<group>";
		};
		F48F39412B1D425B009DAFA8 /* Model */ = {
			isa = PBXGroup;
			children = (
				F48F39422B1D4269009DAFA8 /* CategoriesModel.swift */,
			);
			path = Model;
			sourceTree = "<group>";
		};
		F48F39462B1D42A4009DAFA8 /* Controller */ = {
			isa = PBXGroup;
			children = (
				79C697982B210B190055129C /* HeaderSupplementaryView.swift */,
				F48F38F42B1CDD02009DAFA8 /* HomeVC.swift */,
			);
			path = Controller;
			sourceTree = "<group>";
		};
		F48F39472B1D42BB009DAFA8 /* View */ = {
			isa = PBXGroup;
			children = (
				79C697A12B211B1A0055129C /* Cells */,
				F48F39492B1D42D5009DAFA8 /* HomeView.swift */,
				790E5E632B21E5D000B8AA0D /* CustomSegmentedControl.swift */,
				790E5E652B21E60400B8AA0D /* CustomSegmentedControlDelegate.swift */,
			);
			path = View;
			sourceTree = "<group>";
		};
		F48F39482B1D42C0009DAFA8 /* Model */ = {
			isa = PBXGroup;
			children = (
				79C697952B210B190055129C /* ListItem.swift */,
				79C697962B210B190055129C /* ListSection.swift */,
				F48F394B2B1D42EE009DAFA8 /* HomeModel.swift */,
			);
			path = Model;
			sourceTree = "<group>";
		};
		F48F394D2B1D4429009DAFA8 /* Login */ = {
			isa = PBXGroup;
			children = (
				F48F394E2B1D4433009DAFA8 /* Onboarding */,
			);
			path = Login;
			sourceTree = "<group>";
		};
		F48F394E2B1D4433009DAFA8 /* Onboarding */ = {
			isa = PBXGroup;
			children = (
				F48F394F2B1D4484009DAFA8 /* PagesViewController.swift */,
				F48F39512B1D44A3009DAFA8 /* OnboardingViewController.swift */,
			);
			path = Onboarding;
			sourceTree = "<group>";
		};
/* End PBXGroup section */

/* Begin PBXNativeTarget section */
		F48F38EC2B1CDD02009DAFA8 /* BookStore */ = {
			isa = PBXNativeTarget;
			buildConfigurationList = F48F39012B1CDD04009DAFA8 /* Build configuration list for PBXNativeTarget "BookStore" */;
			buildPhases = (
				F48F38E92B1CDD02009DAFA8 /* Sources */,
				F48F38EA2B1CDD02009DAFA8 /* Frameworks */,
				F48F38EB2B1CDD02009DAFA8 /* Resources */,
			);
			buildRules = (
			);
			dependencies = (
			);
			name = BookStore;
			packageProductDependencies = (
				F48F391A2B1CF61B009DAFA8 /* SnapKit */,
				377B3EA92B1FB6F100C81F6A /* Lottie */,
			);
			productName = BookStore;
			productReference = F48F38ED2B1CDD02009DAFA8 /* BookStore.app */;
			productType = "com.apple.product-type.application";
		};
/* End PBXNativeTarget section */

/* Begin PBXProject section */
		F48F38E52B1CDD01009DAFA8 /* Project object */ = {
			isa = PBXProject;
			attributes = {
				BuildIndependentTargetsInParallel = 1;
				LastSwiftUpdateCheck = 1430;
				LastUpgradeCheck = 1500;
				TargetAttributes = {
					F48F38EC2B1CDD02009DAFA8 = {
						CreatedOnToolsVersion = 14.3.1;
					};
				};
			};
			buildConfigurationList = F48F38E82B1CDD01009DAFA8 /* Build configuration list for PBXProject "BookStore" */;
			compatibilityVersion = "Xcode 14.0";
			developmentRegion = en;
			hasScannedForEncodings = 0;
			knownRegions = (
				en,
				Base,
			);
			mainGroup = F48F38E42B1CDD01009DAFA8;
			packageReferences = (
				F48F39192B1CF61B009DAFA8 /* XCRemoteSwiftPackageReference "SnapKit" */,
				377B3EA82B1FB6F100C81F6A /* XCRemoteSwiftPackageReference "lottie-ios" */,
			);
			productRefGroup = F48F38EE2B1CDD02009DAFA8 /* Products */;
			projectDirPath = "";
			projectRoot = "";
			targets = (
				F48F38EC2B1CDD02009DAFA8 /* BookStore */,
			);
		};
/* End PBXProject section */

/* Begin PBXResourcesBuildPhase section */
		F48F38EB2B1CDD02009DAFA8 /* Resources */ = {
			isa = PBXResourcesBuildPhase;
			buildActionMask = 2147483647;
			files = (
				377B3EB02B1FB87000C81F6A /* Animation - 1.json in Resources */,
				377B3EAF2B1FB87000C81F6A /* Animation - 3.json in Resources */,
				F48F38FA2B1CDD04009DAFA8 /* Assets.xcassets in Resources */,
				F48F392C2B1D24B7009DAFA8 /* OpenSans-Italic.ttf in Resources */,
				F48F392E2B1D24B7009DAFA8 /* OpenSans-Regular.ttf in Resources */,
				377B3EAE2B1FB87000C81F6A /* Animation - 2.json in Resources */,
				F48F392D2B1D24B7009DAFA8 /* OpenSans-Bold.ttf in Resources */,
				F48F39302B1D24D2009DAFA8 /* OpenSans-SemiBoldItalic.ttf in Resources */,
			);
			runOnlyForDeploymentPostprocessing = 0;
		};
/* End PBXResourcesBuildPhase section */

/* Begin PBXSourcesBuildPhase section */
		F48F38E92B1CDD02009DAFA8 /* Sources */ = {
			isa = PBXSourcesBuildPhase;
			buildActionMask = 2147483647;
			files = (
				79C6979F2B210B190055129C /* MockData.swift in Sources */,
				F48F39452B1D4287009DAFA8 /* CategoriesView.swift in Sources */,
				F48F39432B1D4269009DAFA8 /* CategoriesModel.swift in Sources */,
				F48F394C2B1D42EE009DAFA8 /* HomeModel.swift in Sources */,
				F48F393A2B1D41A9009DAFA8 /* AccountView.swift in Sources */,
				790E5E662B21E60400B8AA0D /* CustomSegmentedControlDelegate.swift in Sources */,
				F48F38F52B1CDD02009DAFA8 /* HomeVC.swift in Sources */,
				F48F393E2B1D4208009DAFA8 /* LikesModel.swift in Sources */,
				79C6979A2B210B190055129C /* RecentBooksViewCell.swift in Sources */,
				79C6979C2B210B190055129C /* ListSection.swift in Sources */,
				F48F394A2B1D42D5009DAFA8 /* HomeView.swift in Sources */,
				79C6979E2B210B190055129C /* HeaderSupplementaryView.swift in Sources */,
				F48F38F12B1CDD02009DAFA8 /* AppDelegate.swift in Sources */,
				F48F391F2B1D1F63009DAFA8 /* UIColor Extension.swift in Sources */,
				F48F39182B1CF4AE009DAFA8 /* UIButton Extension.swift in Sources */,
				F48F39092B1CE4C0009DAFA8 /* AccountVC.swift in Sources */,
				F48F391D2B1CF782009DAFA8 /* UIFont Extension.swift in Sources */,
				377B3EB32B1FD94100C81F6A /* UIView + ext.swift in Sources */,
				377B3EA72B1E721F00C81F6A /* NavigationViewController.swift in Sources */,
				F48F39502B1D4484009DAFA8 /* PagesViewController.swift in Sources */,
				F48F393C2B1D41E6009DAFA8 /* LikesView.swift in Sources */,
				F48F38F32B1CDD02009DAFA8 /* SceneDelegate.swift in Sources */,
				F48F39052B1CE3D7009DAFA8 /* CategoriesVC.swift in Sources */,
				F48F39162B1CF49A009DAFA8 /* UILabel Extension.swift in Sources */,
				790E5E642B21E5D000B8AA0D /* CustomSegmentedControl.swift in Sources */,
				79C6979B2B210B190055129C /* ListItem.swift in Sources */,
				377B3EA42B1E641700C81F6A /* MainTabBarController.swift in Sources */,
				F48F39522B1D44A3009DAFA8 /* OnboardingViewController.swift in Sources */,
				F48F39322B1D3C4D009DAFA8 /* UIViewController Extension.swift in Sources */,
				79C6979D2B210B190055129C /* TopBooksViewCell.swift in Sources */,
				F48F39072B1CE48B009DAFA8 /* LikesVC.swift in Sources */,
			);
			runOnlyForDeploymentPostprocessing = 0;
		};
/* End PBXSourcesBuildPhase section */

/* Begin XCBuildConfiguration section */
		F48F38FF2B1CDD04009DAFA8 /* Debug */ = {
			isa = XCBuildConfiguration;
			buildSettings = {
				ALWAYS_SEARCH_USER_PATHS = NO;
				CLANG_ANALYZER_NONNULL = YES;
				CLANG_ANALYZER_NUMBER_OBJECT_CONVERSION = YES_AGGRESSIVE;
				CLANG_CXX_LANGUAGE_STANDARD = "gnu++20";
				CLANG_ENABLE_MODULES = YES;
				CLANG_ENABLE_OBJC_ARC = YES;
				CLANG_ENABLE_OBJC_WEAK = YES;
				CLANG_WARN_BLOCK_CAPTURE_AUTORELEASING = YES;
				CLANG_WARN_BOOL_CONVERSION = YES;
				CLANG_WARN_COMMA = YES;
				CLANG_WARN_CONSTANT_CONVERSION = YES;
				CLANG_WARN_DEPRECATED_OBJC_IMPLEMENTATIONS = YES;
				CLANG_WARN_DIRECT_OBJC_ISA_USAGE = YES_ERROR;
				CLANG_WARN_DOCUMENTATION_COMMENTS = YES;
				CLANG_WARN_EMPTY_BODY = YES;
				CLANG_WARN_ENUM_CONVERSION = YES;
				CLANG_WARN_INFINITE_RECURSION = YES;
				CLANG_WARN_INT_CONVERSION = YES;
				CLANG_WARN_NON_LITERAL_NULL_CONVERSION = YES;
				CLANG_WARN_OBJC_IMPLICIT_RETAIN_SELF = YES;
				CLANG_WARN_OBJC_LITERAL_CONVERSION = YES;
				CLANG_WARN_OBJC_ROOT_CLASS = YES_ERROR;
				CLANG_WARN_QUOTED_INCLUDE_IN_FRAMEWORK_HEADER = YES;
				CLANG_WARN_RANGE_LOOP_ANALYSIS = YES;
				CLANG_WARN_STRICT_PROTOTYPES = YES;
				CLANG_WARN_SUSPICIOUS_MOVE = YES;
				CLANG_WARN_UNGUARDED_AVAILABILITY = YES_AGGRESSIVE;
				CLANG_WARN_UNREACHABLE_CODE = YES;
				CLANG_WARN__DUPLICATE_METHOD_MATCH = YES;
				COPY_PHASE_STRIP = NO;
				DEBUG_INFORMATION_FORMAT = dwarf;
				ENABLE_STRICT_OBJC_MSGSEND = YES;
				ENABLE_TESTABILITY = YES;
				ENABLE_USER_SCRIPT_SANDBOXING = YES;
				GCC_C_LANGUAGE_STANDARD = gnu11;
				GCC_DYNAMIC_NO_PIC = NO;
				GCC_NO_COMMON_BLOCKS = YES;
				GCC_OPTIMIZATION_LEVEL = 0;
				GCC_PREPROCESSOR_DEFINITIONS = (
					"DEBUG=1",
					"$(inherited)",
				);
				GCC_WARN_64_TO_32_BIT_CONVERSION = YES;
				GCC_WARN_ABOUT_RETURN_TYPE = YES_ERROR;
				GCC_WARN_UNDECLARED_SELECTOR = YES;
				GCC_WARN_UNINITIALIZED_AUTOS = YES_AGGRESSIVE;
				GCC_WARN_UNUSED_FUNCTION = YES;
				GCC_WARN_UNUSED_VARIABLE = YES;
				IPHONEOS_DEPLOYMENT_TARGET = 16.4;
				MTL_ENABLE_DEBUG_INFO = INCLUDE_SOURCE;
				MTL_FAST_MATH = YES;
				ONLY_ACTIVE_ARCH = YES;
				SDKROOT = iphoneos;
				SWIFT_ACTIVE_COMPILATION_CONDITIONS = DEBUG;
				SWIFT_OPTIMIZATION_LEVEL = "-Onone";
			};
			name = Debug;
		};
		F48F39002B1CDD04009DAFA8 /* Release */ = {
			isa = XCBuildConfiguration;
			buildSettings = {
				ALWAYS_SEARCH_USER_PATHS = NO;
				CLANG_ANALYZER_NONNULL = YES;
				CLANG_ANALYZER_NUMBER_OBJECT_CONVERSION = YES_AGGRESSIVE;
				CLANG_CXX_LANGUAGE_STANDARD = "gnu++20";
				CLANG_ENABLE_MODULES = YES;
				CLANG_ENABLE_OBJC_ARC = YES;
				CLANG_ENABLE_OBJC_WEAK = YES;
				CLANG_WARN_BLOCK_CAPTURE_AUTORELEASING = YES;
				CLANG_WARN_BOOL_CONVERSION = YES;
				CLANG_WARN_COMMA = YES;
				CLANG_WARN_CONSTANT_CONVERSION = YES;
				CLANG_WARN_DEPRECATED_OBJC_IMPLEMENTATIONS = YES;
				CLANG_WARN_DIRECT_OBJC_ISA_USAGE = YES_ERROR;
				CLANG_WARN_DOCUMENTATION_COMMENTS = YES;
				CLANG_WARN_EMPTY_BODY = YES;
				CLANG_WARN_ENUM_CONVERSION = YES;
				CLANG_WARN_INFINITE_RECURSION = YES;
				CLANG_WARN_INT_CONVERSION = YES;
				CLANG_WARN_NON_LITERAL_NULL_CONVERSION = YES;
				CLANG_WARN_OBJC_IMPLICIT_RETAIN_SELF = YES;
				CLANG_WARN_OBJC_LITERAL_CONVERSION = YES;
				CLANG_WARN_OBJC_ROOT_CLASS = YES_ERROR;
				CLANG_WARN_QUOTED_INCLUDE_IN_FRAMEWORK_HEADER = YES;
				CLANG_WARN_RANGE_LOOP_ANALYSIS = YES;
				CLANG_WARN_STRICT_PROTOTYPES = YES;
				CLANG_WARN_SUSPICIOUS_MOVE = YES;
				CLANG_WARN_UNGUARDED_AVAILABILITY = YES_AGGRESSIVE;
				CLANG_WARN_UNREACHABLE_CODE = YES;
				CLANG_WARN__DUPLICATE_METHOD_MATCH = YES;
				COPY_PHASE_STRIP = NO;
				DEBUG_INFORMATION_FORMAT = "dwarf-with-dsym";
				ENABLE_NS_ASSERTIONS = NO;
				ENABLE_STRICT_OBJC_MSGSEND = YES;
				ENABLE_USER_SCRIPT_SANDBOXING = YES;
				GCC_C_LANGUAGE_STANDARD = gnu11;
				GCC_NO_COMMON_BLOCKS = YES;
				GCC_WARN_64_TO_32_BIT_CONVERSION = YES;
				GCC_WARN_ABOUT_RETURN_TYPE = YES_ERROR;
				GCC_WARN_UNDECLARED_SELECTOR = YES;
				GCC_WARN_UNINITIALIZED_AUTOS = YES_AGGRESSIVE;
				GCC_WARN_UNUSED_FUNCTION = YES;
				GCC_WARN_UNUSED_VARIABLE = YES;
				IPHONEOS_DEPLOYMENT_TARGET = 16.4;
				MTL_ENABLE_DEBUG_INFO = NO;
				MTL_FAST_MATH = YES;
				SDKROOT = iphoneos;
				SWIFT_COMPILATION_MODE = wholemodule;
				SWIFT_OPTIMIZATION_LEVEL = "-O";
				VALIDATE_PRODUCT = YES;
			};
			name = Release;
		};
		F48F39022B1CDD04009DAFA8 /* Debug */ = {
			isa = XCBuildConfiguration;
			buildSettings = {
				ASSETCATALOG_COMPILER_APPICON_NAME = AppIcon;
				ASSETCATALOG_COMPILER_GLOBAL_ACCENT_COLOR_NAME = AccentColor;
				CODE_SIGN_STYLE = Automatic;
				CURRENT_PROJECT_VERSION = 1;
				DEVELOPMENT_TEAM = 87P7GYW9VY;
				GENERATE_INFOPLIST_FILE = YES;
				INFOPLIST_FILE = BookStore/Info.plist;
				INFOPLIST_KEY_LSApplicationCategoryType = "public.app-category.books";
				INFOPLIST_KEY_UIApplicationSupportsIndirectInputEvents = YES;
				INFOPLIST_KEY_UILaunchStoryboardName = LaunchScreen;
				INFOPLIST_KEY_UISupportedInterfaceOrientations = UIInterfaceOrientationPortrait;
				INFOPLIST_KEY_UISupportedInterfaceOrientations_iPad = "UIInterfaceOrientationLandscapeLeft UIInterfaceOrientationLandscapeRight UIInterfaceOrientationPortrait UIInterfaceOrientationPortraitUpsideDown";
				IPHONEOS_DEPLOYMENT_TARGET = 15.0;
				LD_RUNPATH_SEARCH_PATHS = (
					"$(inherited)",
					"@executable_path/Frameworks",
				);
				MARKETING_VERSION = 1.0;
				PRODUCT_BUNDLE_IDENTIFIER = "Michael-Bolgar.BookStore";
				PRODUCT_NAME = "$(TARGET_NAME)";
				SUPPORTED_PLATFORMS = "iphoneos iphonesimulator";
				SUPPORTS_MACCATALYST = NO;
				SUPPORTS_MAC_DESIGNED_FOR_IPHONE_IPAD = NO;
				SWIFT_EMIT_LOC_STRINGS = YES;
				SWIFT_VERSION = 5.0;
				TARGETED_DEVICE_FAMILY = 1;
			};
			name = Debug;
		};
		F48F39032B1CDD04009DAFA8 /* Release */ = {
			isa = XCBuildConfiguration;
			buildSettings = {
				ASSETCATALOG_COMPILER_APPICON_NAME = AppIcon;
				ASSETCATALOG_COMPILER_GLOBAL_ACCENT_COLOR_NAME = AccentColor;
				CODE_SIGN_STYLE = Automatic;
				CURRENT_PROJECT_VERSION = 1;
				DEVELOPMENT_TEAM = 87P7GYW9VY;
				GENERATE_INFOPLIST_FILE = YES;
				INFOPLIST_FILE = BookStore/Info.plist;
				INFOPLIST_KEY_LSApplicationCategoryType = "public.app-category.books";
				INFOPLIST_KEY_UIApplicationSupportsIndirectInputEvents = YES;
				INFOPLIST_KEY_UILaunchStoryboardName = LaunchScreen;
				INFOPLIST_KEY_UISupportedInterfaceOrientations = UIInterfaceOrientationPortrait;
				INFOPLIST_KEY_UISupportedInterfaceOrientations_iPad = "UIInterfaceOrientationLandscapeLeft UIInterfaceOrientationLandscapeRight UIInterfaceOrientationPortrait UIInterfaceOrientationPortraitUpsideDown";
				IPHONEOS_DEPLOYMENT_TARGET = 15.0;
				LD_RUNPATH_SEARCH_PATHS = (
					"$(inherited)",
					"@executable_path/Frameworks",
				);
				MARKETING_VERSION = 1.0;
				PRODUCT_BUNDLE_IDENTIFIER = "Michael-Bolgar.BookStore";
				PRODUCT_NAME = "$(TARGET_NAME)";
				SUPPORTED_PLATFORMS = "iphoneos iphonesimulator";
				SUPPORTS_MACCATALYST = NO;
				SUPPORTS_MAC_DESIGNED_FOR_IPHONE_IPAD = NO;
				SWIFT_EMIT_LOC_STRINGS = YES;
				SWIFT_VERSION = 5.0;
				TARGETED_DEVICE_FAMILY = 1;
			};
			name = Release;
		};
/* End XCBuildConfiguration section */

/* Begin XCConfigurationList section */
		F48F38E82B1CDD01009DAFA8 /* Build configuration list for PBXProject "BookStore" */ = {
			isa = XCConfigurationList;
			buildConfigurations = (
				F48F38FF2B1CDD04009DAFA8 /* Debug */,
				F48F39002B1CDD04009DAFA8 /* Release */,
			);
			defaultConfigurationIsVisible = 0;
			defaultConfigurationName = Release;
		};
		F48F39012B1CDD04009DAFA8 /* Build configuration list for PBXNativeTarget "BookStore" */ = {
			isa = XCConfigurationList;
			buildConfigurations = (
				F48F39022B1CDD04009DAFA8 /* Debug */,
				F48F39032B1CDD04009DAFA8 /* Release */,
			);
			defaultConfigurationIsVisible = 0;
			defaultConfigurationName = Release;
		};
/* End XCConfigurationList section */

/* Begin XCRemoteSwiftPackageReference section */
		377B3EA82B1FB6F100C81F6A /* XCRemoteSwiftPackageReference "lottie-ios" */ = {
			isa = XCRemoteSwiftPackageReference;
			repositoryURL = "https://github.com/airbnb/lottie-ios";
			requirement = {
				kind = upToNextMajorVersion;
				minimumVersion = 4.3.4;
			};
		};
		F48F39192B1CF61B009DAFA8 /* XCRemoteSwiftPackageReference "SnapKit" */ = {
			isa = XCRemoteSwiftPackageReference;
			repositoryURL = "https://github.com/SnapKit/SnapKit";
			requirement = {
				kind = upToNextMajorVersion;
				minimumVersion = 5.0.0;
			};
		};
/* End XCRemoteSwiftPackageReference section */

/* Begin XCSwiftPackageProductDependency section */
		377B3EA92B1FB6F100C81F6A /* Lottie */ = {
			isa = XCSwiftPackageProductDependency;
			package = 377B3EA82B1FB6F100C81F6A /* XCRemoteSwiftPackageReference "lottie-ios" */;
			productName = Lottie;
		};
		F48F391A2B1CF61B009DAFA8 /* SnapKit */ = {
			isa = XCSwiftPackageProductDependency;
			package = F48F39192B1CF61B009DAFA8 /* XCRemoteSwiftPackageReference "SnapKit" */;
			productName = SnapKit;
		};
/* End XCSwiftPackageProductDependency section */
	};
	rootObject = F48F38E52B1CDD01009DAFA8 /* Project object */;
}
